
Microsoft Visual Studio Solution File, Format Version 12.00
# Visual Studio Version 16
VisualStudioVersion = 16.0.30803.129
MinimumVisualStudioVersion = 10.0.40219.1
Project("{9A19103F-16F7-4668-BE54-9A1E7A4F7556}") = "Draw_FontExample", "Draw_FontExample\Draw_FontExample.csproj", "{8D4C060D-246E-4326-AFFF-07F6546B4072}"
EndProject
Project("{9A19103F-16F7-4668-BE54-9A1E7A4F7556}") = "SampleBase", "SampleBase\SampleBase.csproj", "{C92D4A60-E600-490A-88D8-05EB414CB61D}"
EndProject
Global
	GlobalSection(SolutionConfigurationPlatforms) = preSolution
		Debug|Any CPU = Debug|Any CPU
		Release|Any CPU = Release|Any CPU
	EndGlobalSection
	GlobalSection(ProjectConfigurationPlatforms) = postSolution
		{8D4C060D-246E-4326-AFFF-07F6546B4072}.Debug|Any CPU.ActiveCfg = Debug|Any CPU
		{8D4C060D-246E-4326-AFFF-07F6546B4072}.Debug|Any CPU.Build.0 = Debug|Any CPU
		{8D4C060D-246E-4326-AFFF-07F6546B4072}.Release|Any CPU.ActiveCfg = Release|Any CPU
		{8D4C060D-246E-4326-AFFF-07F6546B4072}.Release|Any CPU.Build.0 = Release|Any CPU
		{C92D4A60-E600-490A-88D8-05EB414CB61D}.Debug|Any CPU.ActiveCfg = Debug|Any CPU
		{C92D4A60-E600-490A-88D8-05EB414CB61D}.Debug|Any CPU.Build.0 = Debug|Any CPU
		{C92D4A60-E600-490A-88D8-05EB414CB61D}.Release|Any CPU.ActiveCfg = Release|Any CPU
		{C92D4A60-E600-490A-88D8-05EB414CB61D}.Release|Any CPU.Build.0 = Release|Any CPU
	EndGlobalSection
	GlobalSection(SolutionProperties) = preSolution
		HideSolutionNode = FALSE
	EndGlobalSection
	GlobalSection(ExtensibilityGlobals) = postSolution
		SolutionGuid = {C47F0F75-2EC2-4493-A128-8EAF9ADC74E6}
	EndGlobalSection
EndGlobal
